
Microsoft Visual Studio Solution File, Format Version 12.00
Project("{FAE04EC0-301F-11D3-BF4B-00C04F79EFBC}") = "MoonPW", "MoonPW\MoonPW.csproj", "{A0120345-73A3-4DDB-9D22-C8BAE65FD4AD}"
EndProject
Global
	GlobalSection(SolutionConfigurationPlatforms) = preSolution
		Debug|Any CPU = Debug|Any CPU
		Release|Any CPU = Release|Any CPU
	EndGlobalSection
	GlobalSection(ProjectConfigurationPlatforms) = postSolution
		{A0120345-73A3-4DDB-9D22-C8BAE65FD4AD}.Debug|Any CPU.ActiveCfg = Debug|Any CPU
		{A0120345-73A3-4DDB-9D22-C8BAE65FD4AD}.Debug|Any CPU.Build.0 = Debug|Any CPU
		{A0120345-73A3-4DDB-9D22-C8BAE65FD4AD}.Release|Any CPU.ActiveCfg = Release|Any CPU
		{A0120345-73A3-4DDB-9D22-C8BAE65FD4AD}.Release|Any CPU.Build.0 = Release|Any CPU
	EndGlobalSection
EndGlobal
